
Microsoft Visual Studio Solution File, Format Version 12.00
# Visual Studio Version 16
VisualStudioVersion = 16.0.30611.23
MinimumVisualStudioVersion = 10.0.40219.1
Project("{FAE04EC0-301F-11D3-BF4B-00C04F79EFBC}") = "Cadastro_MVC", "Cadastro_MVC.csproj", "{33DA18B7-CF46-436C-A894-C9C5908440A6}"
EndProject
Global
	GlobalSection(SolutionConfigurationPlatforms) = preSolution
		Debug|Any CPU = Debug|Any CPU
		Release|Any CPU = Release|Any CPU
	EndGlobalSection
	GlobalSection(ProjectConfigurationPlatforms) = postSolution
		{33DA18B7-CF46-436C-A894-C9C5908440A6}.Debug|Any CPU.ActiveCfg = Debug|Any CPU
		{33DA18B7-CF46-436C-A894-C9C5908440A6}.Debug|Any CPU.Build.0 = Debug|Any CPU
		{33DA18B7-CF46-436C-A894-C9C5908440A6}.Release|Any CPU.ActiveCfg = Release|Any CPU
		{33DA18B7-CF46-436C-A894-C9C5908440A6}.Release|Any CPU.Build.0 = Release|Any CPU
	EndGlobalSection
	GlobalSection(SolutionProperties) = preSolution
		HideSolutionNode = FALSE
	EndGlobalSection
	GlobalSection(ExtensibilityGlobals) = postSolution
		SolutionGuid = {4D8F3AC7-1C8C-4A07-80B7-048409F7D82B}
	EndGlobalSection
EndGlobal
